
Microsoft Visual Studio Solution File, Format Version 12.00
# Visual Studio 15
VisualStudioVersion = 15.0.26430.16
MinimumVisualStudioVersion = 10.0.40219.1
Project("{FAE04EC0-301F-11D3-BF4B-00C04F79EFBC}") = "PoE Price Lister", "PoE Price Lister.csproj", "{29C839D5-BC3A-451C-B57D-ED3B616D81DB}"
EndProject
Project("{FAE04EC0-301F-11D3-BF4B-00C04F79EFBC}") = "VersionUpdater", "..\VersionUpdater\VersionUpdater.csproj", "{E42B78A9-7888-4150-928E-E382841F30EA}"
EndProject
Global
	GlobalSection(SolutionConfigurationPlatforms) = preSolution
		Debug|Any CPU = Debug|Any CPU
		Release|Any CPU = Release|Any CPU
	EndGlobalSection
	GlobalSection(ProjectConfigurationPlatforms) = postSolution
		{29C839D5-BC3A-451C-B57D-ED3B616D81DB}.Debug|Any CPU.ActiveCfg = Debug|Any CPU
		{29C839D5-BC3A-451C-B57D-ED3B616D81DB}.Debug|Any CPU.Build.0 = Debug|Any CPU
		{29C839D5-BC3A-451C-B57D-ED3B616D81DB}.Release|Any CPU.ActiveCfg = Release|Any CPU
		{29C839D5-BC3A-451C-B57D-ED3B616D81DB}.Release|Any CPU.Build.0 = Release|Any CPU
		{E42B78A9-7888-4150-928E-E382841F30EA}.Debug|Any CPU.ActiveCfg = Debug|Any CPU
		{E42B78A9-7888-4150-928E-E382841F30EA}.Debug|Any CPU.Build.0 = Debug|Any CPU
		{E42B78A9-7888-4150-928E-E382841F30EA}.Release|Any CPU.ActiveCfg = Release|Any CPU
		{E42B78A9-7888-4150-928E-E382841F30EA}.Release|Any CPU.Build.0 = Release|Any CPU
	EndGlobalSection
	GlobalSection(SolutionProperties) = preSolution
		HideSolutionNode = FALSE
	EndGlobalSection
	GlobalSection(ExtensibilityGlobals) = postSolution
		SolutionGuid = {D2689DB2-4AAE-482D-9CC8-2600CB333F5D}
	EndGlobalSection
EndGlobal
